
Microsoft Visual Studio Solution File, Format Version 11.00
# Visual Studio 2010
Project("{8BC9CEB8-8B4A-11D0-8D11-00A0C91BC942}") = "Enisey", "Enisey\Enisey.vcxproj", "{B956ABF9-79C1-4341-BFB8-848F8ABCAA4E}"
EndProject
Global
	GlobalSection(SolutionConfigurationPlatforms) = preSolution
		Debug|Win32 = Debug|Win32
		Release|Win32 = Release|Win32
	EndGlobalSection
	GlobalSection(ProjectConfigurationPlatforms) = postSolution
		{B956ABF9-79C1-4341-BFB8-848F8ABCAA4E}.Debug|Win32.ActiveCfg = Debug|Win32
		{B956ABF9-79C1-4341-BFB8-848F8ABCAA4E}.Debug|Win32.Build.0 = Debug|Win32
		{B956ABF9-79C1-4341-BFB8-848F8ABCAA4E}.Release|Win32.ActiveCfg = Release|Win32
		{B956ABF9-79C1-4341-BFB8-848F8ABCAA4E}.Release|Win32.Build.0 = Release|Win32
	EndGlobalSection
	GlobalSection(SolutionProperties) = preSolution
		HideSolutionNode = FALSE
	EndGlobalSection
EndGlobal
